# THIS IS AN AUTOGENERATED FILE. DO NOT EDIT THIS FILE DIRECTLY.
# yarn lockfile v1


"@types/accepts@*":
  version "1.3.1"
  resolved "http://registry.npm.taobao.org/@types/accepts/download/@types/accepts-1.3.1.tgz#e5959c500fde65e4bd18a78d8b7f9392ccb9aab4"

"@types/cookies@*":
  version "0.6.0"
  resolved "http://registry.npm.taobao.org/@types/cookies/download/@types/cookies-0.6.0.tgz#f5e8df2357502a895d5627e2fb8b174b3b269461"
  dependencies:
    "@types/keygrip" "*"
    "@types/node" "*"

"@types/http-assert@*":
  version "1.2.0"
  resolved "http://registry.npm.taobao.org/@types/http-assert/download/@types/http-assert-1.2.0.tgz#0b82993036e86c6ff2944e033b73b57e85ccdcab"

"@types/keygrip@*":
  version "1.0.0"
  resolved "http://registry.npm.taobao.org/@types/keygrip/download/@types/keygrip-1.0.0.tgz#20bcf84e8962aeca5d1789802b93644262870d28"

"@types/koa-compose@*":
  version "3.2.0"
  resolved "http://registry.npm.taobao.org/@types/koa-compose/download/@types/koa-compose-3.2.0.tgz#9cb907923f33da1b14c564eaa7e63d8ea38b65ff"

"@types/koa@2.x":
  version "2.0.39"
  resolved "http://registry.npm.taobao.org/@types/koa/download/@types/koa-2.0.39.tgz#45ba1249d8849b9b0ff8c1d6d2f80b0838b89ffa"
  dependencies:
    "@types/accepts" "*"
    "@types/cookies" "*"
    "@types/http-assert" "*"
    "@types/keygrip" "*"
    "@types/koa-compose" "*"
    "@types/node" "*"

"@types/node@*", "@types/node@7.0.8":
  version "7.0.8"
  resolved "http://registry.npm.taobao.org/@types/node/download/@types/node-7.0.8.tgz#25e4dd804b630c916ae671233e6d71f6ce18124a"

accepts@^1.2.2:
  version "1.3.3"
  resolved "http://registry.npm.taobao.org/accepts/download/accepts-1.3.3.tgz#c3ca7434938648c3e0d9c1e328dd68b622c284ca"
  dependencies:
    mime-types "~2.1.11"
    negotiator "0.6.1"

ansi-regex@^2.0.0:
  version "2.1.1"
  resolved "http://registry.npm.taobao.org/ansi-regex/download/ansi-regex-2.1.1.tgz#c3b33ab5ee360d86e0e628f0468ae7ef27d654df"

ansi-styles@^2.2.1:
  version "2.2.1"
  resolved "http://registry.npm.taobao.org/ansi-styles/download/ansi-styles-2.2.1.tgz#b432dd3358b634cf75e1e4664368240533c1ddbe"

any-promise@^1.0.0, any-promise@^1.1.0, any-promise@^1.3.0:
  version "1.3.0"
  resolved "http://registry.npm.taobao.org/any-promise/download/any-promise-1.3.0.tgz#abc6afeedcea52e809cdc0376aed3ce39635d17f"

arrify@^1.0.0:
  version "1.0.1"
  resolved "http://registry.npm.taobao.org/arrify/download/arrify-1.0.1.tgz#898508da2226f380df904728456849c1501a4b0d"

async-busboy@0.3.4:
  version "0.3.4"
  resolved "http://registry.npm.taobao.org/async-busboy/download/async-busboy-0.3.4.tgz#1311af58c32b07440d626b7acc6e38b751580e7d"
  dependencies:
    busboy "^0.2.12"

busboy@^0.2.12:
  version "0.2.14"
  resolved "http://registry.npm.taobao.org/busboy/download/busboy-0.2.14.tgz#6c2a622efcf47c57bbbe1e2a9c37ad36c7925453"
  dependencies:
    dicer "0.2.5"
    readable-stream "1.1.x"

bytes@1:
  version "1.0.0"
  resolved "http://registry.npm.taobao.org/bytes/download/bytes-1.0.0.tgz#3569ede8ba34315fab99c3e92cb04c7220de1fa8"

chalk@^1.1.1, chalk@^1.1.3:
  version "1.1.3"
  resolved "http://registry.npm.taobao.org/chalk/download/chalk-1.1.3.tgz#a8115c55e4a702fe4d150abd3872822a7e09fc98"
  dependencies:
    ansi-styles "^2.2.1"
    escape-string-regexp "^1.0.2"
    has-ansi "^2.0.0"
    strip-ansi "^3.0.0"
    supports-color "^2.0.0"

co@^4.6.0:
  version "4.6.0"
  resolved "http://registry.npm.taobao.org/co/download/co-4.6.0.tgz#6ea6bdf3d853ae54ccb8e47bfa0bf3f9031fb184"

content-disposition@~0.5.0:
  version "0.5.2"
  resolved "http://registry.npm.taobao.org/content-disposition/download/content-disposition-0.5.2.tgz#0cf68bb9ddf5f2be7961c3a85178cb85dba78cb4"

content-type@^1.0.0:
  version "1.0.2"
  resolved "http://registry.npm.taobao.org/content-type/download/content-type-1.0.2.tgz#b7d113aee7a8dd27bd21133c4dc2529df1721eed"

cookies@~0.7.0:
  version "0.7.0"
  resolved "http://registry.npm.taobao.org/cookies/download/cookies-0.7.0.tgz#0bc961d910c35254980fc7c9eff5da12011bbf00"
  dependencies:
    depd "~1.1.0"
    keygrip "~1.0.1"

core-util-is@~1.0.0:
  version "1.0.2"
  resolved "http://registry.npm.taobao.org/core-util-is/download/core-util-is-1.0.2.tgz#b5fd54220aa2bc5ab57aab7140c940754503c1a7"

debug@*, debug@^2.6.0:
  version "2.6.3"
  resolved "http://registry.npm.taobao.org/debug/download/debug-2.6.3.tgz#0f7eb8c30965ec08c72accfa0130c8b79984141d"
  dependencies:
    ms "0.7.2"

deep-equal@~1.0.0:
  version "1.0.1"
  resolved "http://registry.npm.taobao.org/deep-equal/download/deep-equal-1.0.1.tgz#f5d260292b660e084eff4cdbc9f08ad3247448b5"

delegates@^1.0.0:
  version "1.0.0"
  resolved "http://registry.npm.taobao.org/delegates/download/delegates-1.0.0.tgz#84c6e159b81904fdca59a0ef44cd870d31250f9a"

depd@1.1.0, depd@^1.1.0, depd@~1.1.0:
  version "1.1.0"
  resolved "http://registry.npm.taobao.org/depd/download/depd-1.1.0.tgz#e1bd82c6aab6ced965b97b88b17ed3e528ca18c3"

destroy@^1.0.3:
  version "1.0.4"
  resolved "http://registry.npm.taobao.org/destroy/download/destroy-1.0.4.tgz#978857442c44749e4206613e37946205826abd80"

dicer@0.2.5:
  version "0.2.5"
  resolved "http://registry.npm.taobao.org/dicer/download/dicer-0.2.5.tgz#5996c086bb33218c812c090bddc09cd12facb70f"
  dependencies:
    readable-stream "1.1.x"
    streamsearch "0.1.2"

diff@^3.1.0:
  version "3.2.0"
  resolved "http://registry.npm.taobao.org/diff/download/diff-3.2.0.tgz#c9ce393a4b7cbd0b058a725c93df299027868ff9"

ee-first@1.1.1:
  version "1.1.1"
  resolved "http://registry.npm.taobao.org/ee-first/download/ee-first-1.1.1.tgz#590c61156b0ae2f4f0255732a158b266bc56b21d"

error-ex@^1.2.0:
  version "1.3.1"
  resolved "http://registry.npm.taobao.org/error-ex/download/error-ex-1.3.1.tgz#f855a86ce61adc4e8621c3cda21e7a7612c3a8dc"
  dependencies:
    is-arrayish "^0.2.1"

error-inject@~1.0.0:
  version "1.0.0"
  resolved "http://registry.npm.taobao.org/error-inject/download/error-inject-1.0.0.tgz#e2b3d91b54aed672f309d950d154850fa11d4f37"

escape-html@~1.0.1:
  version "1.0.3"
  resolved "http://registry.npm.taobao.org/escape-html/download/escape-html-1.0.3.tgz#0258eae4d3d0c0974de1c169188ef0051d1d1988"

escape-string-regexp@^1.0.2:
  version "1.0.5"
  resolved "http://registry.npm.taobao.org/escape-string-regexp/download/escape-string-regexp-1.0.5.tgz#1b61c0562190a8dff6ae3bb2cf0200ca130b86d4"

fresh@^0.5.0:
  version "0.5.0"
  resolved "http://registry.npm.taobao.org/fresh/download/fresh-0.5.0.tgz#f474ca5e6a9246d6fd8e0953cfa9b9c805afa78e"

has-ansi@^2.0.0:
  version "2.0.0"
  resolved "http://registry.npm.taobao.org/has-ansi/download/has-ansi-2.0.0.tgz#34f5049ce1ecdf2b0649af3ef24e45ed35416d91"
  dependencies:
    ansi-regex "^2.0.0"

http-assert@^1.1.0:
  version "1.2.0"
  resolved "http://registry.npm.taobao.org/http-assert/download/http-assert-1.2.0.tgz#d6392e6f6519def4e340266b35096db6d3feba00"
  dependencies:
    deep-equal "~1.0.0"
    http-errors "~1.4.0"

http-errors@^1.2.8:
  version "1.6.1"
  resolved "http://registry.npm.taobao.org/http-errors/download/http-errors-1.6.1.tgz#5f8b8ed98aca545656bf572997387f904a722257"
  dependencies:
    depd "1.1.0"
    inherits "2.0.3"
    setprototypeof "1.0.3"
    statuses ">= 1.3.1 < 2"

http-errors@~1.4.0:
  version "1.4.0"
  resolved "http://registry.npm.taobao.org/http-errors/download/http-errors-1.4.0.tgz#6c0242dea6b3df7afda153c71089b31c6e82aabf"
  dependencies:
    inherits "2.0.1"
    statuses ">= 1.2.1 < 2"

http-errors@~1.5.0:
  version "1.5.1"
  resolved "http://registry.npm.taobao.org/http-errors/download/http-errors-1.5.1.tgz#788c0d2c1de2c81b9e6e8c01843b6b97eb920750"
  dependencies:
    inherits "2.0.3"
    setprototypeof "1.0.2"
    statuses ">= 1.3.1 < 2"

humanize-number@0.0.2:
  version "0.0.2"
  resolved "http://registry.npm.taobao.org/humanize-number/download/humanize-number-0.0.2.tgz#11c0af6a471643633588588048f1799541489c18"

inherits@2.0.1:
  version "2.0.1"
  resolved "http://registry.npm.taobao.org/inherits/download/inherits-2.0.1.tgz#b17d08d326b4423e568eff719f91b0b1cbdf69f1"

inherits@2.0.3, inherits@~2.0.1:
  version "2.0.3"
  resolved "http://registry.npm.taobao.org/inherits/download/inherits-2.0.3.tgz#633c2c83e3da42a502f52466022480f4208261de"

is-arrayish@^0.2.1:
  version "0.2.1"
  resolved "http://registry.npm.taobao.org/is-arrayish/download/is-arrayish-0.2.1.tgz#77c99840527aa8ecb1a8ba697b80645a7a926a9d"

is-generator-function@^1.0.3:
  version "1.0.6"
  resolved "http://registry.npm.taobao.org/is-generator-function/download/is-generator-function-1.0.6.tgz#9e71653cd15fff341c79c4151460a131d31e9fc4"

is-utf8@^0.2.0:
  version "0.2.1"
  resolved "http://registry.npm.taobao.org/is-utf8/download/is-utf8-0.2.1.tgz#4b0da1442104d1b336340e80797e865cf39f7d72"

isarray@0.0.1:
  version "0.0.1"
  resolved "http://registry.npm.taobao.org/isarray/download/isarray-0.0.1.tgz#8a18acfca9a8f4177e09abfc6038939b05d1eedf"

keygrip@~1.0.1:
  version "1.0.1"
  resolved "http://registry.npm.taobao.org/keygrip/download/keygrip-1.0.1.tgz#b02fa4816eef21a8c4b35ca9e52921ffc89a30e9"

koa-compose@^3.0.0:
  version "3.2.1"
  resolved "http://registry.npm.taobao.org/koa-compose/download/koa-compose-3.2.1.tgz#a85ccb40b7d986d8e5a345b3a1ace8eabcf54de7"
  dependencies:
    any-promise "^1.1.0"

koa-convert@^1.2.0:
  version "1.2.0"
  resolved "http://registry.npm.taobao.org/koa-convert/download/koa-convert-1.2.0.tgz#da40875df49de0539098d1700b50820cebcd21d0"
  dependencies:
    co "^4.6.0"
    koa-compose "^3.0.0"

koa-cors@0.0.16:
  version "0.0.16"
  resolved "http://registry.npm.taobao.org/koa-cors/download/koa-cors-0.0.16.tgz#98107993a7909e34c042986c5ec6156d77f3432e"

koa-is-json@^1.0.0:
  version "1.0.0"
  resolved "http://registry.npm.taobao.org/koa-is-json/download/koa-is-json-1.0.0.tgz#273c07edcdcb8df6a2c1ab7d59ee76491451ec14"

koa-logger@2.x:
  version "2.0.1"
  resolved "http://registry.npm.taobao.org/koa-logger/download/koa-logger-2.0.1.tgz#3ee42f457c40fb4d4a19a131c8022504b5b232b8"
  dependencies:
    bytes "1"
    chalk "^1.1.3"
    humanize-number "0.0.2"
    passthrough-counter "^1.0.0"

koa-send@^3.2.0:
  version "3.3.0"
  resolved "http://registry.npm.taobao.org/koa-send/download/koa-send-3.3.0.tgz#5a4ae245564680c6ecf6079e9275fa5173a861dc"
  dependencies:
    co "^4.6.0"
    debug "^2.6.0"
    mz "^2.3.1"
    resolve-path "^1.3.1"

koa-static@3.x:
  version "3.0.0"
  resolved "http://registry.npm.taobao.org/koa-static/download/koa-static-3.0.0.tgz#40442233d2c0b35c225e450199c10bf8a539e416"
  dependencies:
    debug "*"
    koa-send "^3.2.0"

koa@2.x:
  version "2.2.0"
  resolved "http://registry.npm.taobao.org/koa/download/koa-2.2.0.tgz#b055933187849d540ad8b9f731baaa4be97c652d"
  dependencies:
    accepts "^1.2.2"
    content-disposition "~0.5.0"
    content-type "^1.0.0"
    cookies "~0.7.0"
    debug "*"
    delegates "^1.0.0"
    depd "^1.1.0"
    destroy "^1.0.3"
    error-inject "~1.0.0"
    escape-html "~1.0.1"
    fresh "^0.5.0"
    http-assert "^1.1.0"
    http-errors "^1.2.8"
    is-generator-function "^1.0.3"
    koa-compose "^3.0.0"
    koa-convert "^1.2.0"
    koa-is-json "^1.0.0"
    mime-types "^2.0.7"
    on-finished "^2.1.0"
    only "0.0.2"
    parseurl "^1.3.0"
    statuses "^1.2.0"
    type-is "^1.5.5"
    vary "^1.0.0"

make-error@^1.1.1:
  version "1.2.3"
  resolved "http://registry.npm.taobao.org/make-error/download/make-error-1.2.3.tgz#6c4402df732e0977ac6faf754a5074b3d2b1d19d"

media-typer@0.3.0:
  version "0.3.0"
  resolved "http://registry.npm.taobao.org/media-typer/download/media-typer-0.3.0.tgz#8710d7af0aa626f8fffa1ce00168545263255748"

mime-db@~1.26.0:
  version "1.26.0"
  resolved "http://registry.npm.taobao.org/mime-db/download/mime-db-1.26.0.tgz#eaffcd0e4fc6935cf8134da246e2e6c35305adff"

mime-types@^2.0.7, mime-types@~2.1.11, mime-types@~2.1.13:
  version "2.1.14"
  resolved "http://registry.npm.taobao.org/mime-types/download/mime-types-2.1.14.tgz#f7ef7d97583fcaf3b7d282b6f8b5679dab1e94ee"
  dependencies:
    mime-db "~1.26.0"

minimist@0.0.8:
  version "0.0.8"
  resolved "http://registry.npm.taobao.org/minimist/download/minimist-0.0.8.tgz#857fcabfc3397d2625b8228262e86aa7a011b05d"

minimist@^1.2.0:
  version "1.2.0"
  resolved "http://registry.npm.taobao.org/minimist/download/minimist-1.2.0.tgz#a35008b20f41383eec1fb914f4cd5df79a264284"

mkdirp@^0.5.1:
  version "0.5.1"
  resolved "http://registry.npm.taobao.org/mkdirp/download/mkdirp-0.5.1.tgz#30057438eac6cf7f8c4767f38648d6697d75c903"
  dependencies:
    minimist "0.0.8"

ms@0.7.2:
  version "0.7.2"
  resolved "http://registry.npm.taobao.org/ms/download/ms-0.7.2.tgz#ae25cf2512b3885a1d95d7f037868d8431124765"

mz@^2.3.1:
  version "2.6.0"
  resolved "http://registry.npm.taobao.org/mz/download/mz-2.6.0.tgz#c8b8521d958df0a4f2768025db69c719ee4ef1ce"
  dependencies:
    any-promise "^1.0.0"
    object-assign "^4.0.1"
    thenify-all "^1.0.0"

negotiator@0.6.1:
  version "0.6.1"
  resolved "http://registry.npm.taobao.org/negotiator/download/negotiator-0.6.1.tgz#2b327184e8992101177b28563fb5e7102acd0ca9"

object-assign@^4.0.1:
  version "4.1.1"
  resolved "http://registry.npm.taobao.org/object-assign/download/object-assign-4.1.1.tgz#2109adc7965887cfc05cbbd442cac8bfbb360863"

on-finished@^2.1.0:
  version "2.3.0"
  resolved "http://registry.npm.taobao.org/on-finished/download/on-finished-2.3.0.tgz#20f1336481b083cd75337992a16971aa2d906947"
  dependencies:
    ee-first "1.1.1"

only@0.0.2:
  version "0.0.2"
  resolved "http://registry.npm.taobao.org/only/download/only-0.0.2.tgz#2afde84d03e50b9a8edc444e30610a70295edfb4"

parse-json@^2.2.0:
  version "2.2.0"
  resolved "http://registry.npm.taobao.org/parse-json/download/parse-json-2.2.0.tgz#f480f40434ef80741f8469099f8dea18f55a4dc9"
  dependencies:
    error-ex "^1.2.0"

parseurl@^1.3.0:
  version "1.3.1"
  resolved "http://registry.npm.taobao.org/parseurl/download/parseurl-1.3.1.tgz#c8ab8c9223ba34888aa64a297b28853bec18da56"

passthrough-counter@^1.0.0:
  version "1.0.0"
  resolved "http://registry.npm.taobao.org/passthrough-counter/download/passthrough-counter-1.0.0.tgz#1967d9e66da572b5c023c787db112a387ab166fa"

path-is-absolute@1.0.1:
  version "1.0.1"
  resolved "http://registry.npm.taobao.org/path-is-absolute/download/path-is-absolute-1.0.1.tgz#174b9268735534ffbc7ace6bf53a5a9e1b5c5f5f"

pinkie@^2.0.4:
  version "2.0.4"
  resolved "http://registry.npm.taobao.org/pinkie/download/pinkie-2.0.4.tgz#72556b80cfa0d48a974e80e77248e80ed4f7f870"

readable-stream@1.1.x:
  version "1.1.14"
  resolved "http://registry.npm.taobao.org/readable-stream/download/readable-stream-1.1.14.tgz#7cf4c54ef648e3813084c636dd2079e166c081d9"
  dependencies:
    core-util-is "~1.0.0"
    inherits "~2.0.1"
    isarray "0.0.1"
    string_decoder "~0.10.x"

resolve-path@^1.3.1:
  version "1.3.3"
  resolved "http://registry.npm.taobao.org/resolve-path/download/resolve-path-1.3.3.tgz#4d83aba6468c2b8e632a575e3f52b0fa0dbe1a5c"
  dependencies:
    http-errors "~1.5.0"
    path-is-absolute "1.0.1"

setprototypeof@1.0.2:
  version "1.0.2"
  resolved "http://registry.npm.taobao.org/setprototypeof/download/setprototypeof-1.0.2.tgz#81a552141ec104b88e89ce383103ad5c66564d08"

setprototypeof@1.0.3:
  version "1.0.3"
  resolved "http://registry.npm.taobao.org/setprototypeof/download/setprototypeof-1.0.3.tgz#66567e37043eeb4f04d91bd658c0cbefb55b8e04"

source-map-support@^0.4.0:
  version "0.4.12"
  resolved "http://registry.npm.taobao.org/source-map-support/download/source-map-support-0.4.12.tgz#f47d02bf01efaf0c160d3a37d038401b92b1867e"
  dependencies:
    source-map "^0.5.6"

source-map@^0.5.6:
  version "0.5.6"
  resolved "http://registry.npm.taobao.org/source-map/download/source-map-0.5.6.tgz#75ce38f52bf0733c5a7f0c118d81334a2bb5f412"

"statuses@>= 1.2.1 < 2", "statuses@>= 1.3.1 < 2", statuses@^1.2.0:
  version "1.3.1"
  resolved "http://registry.npm.taobao.org/statuses/download/statuses-1.3.1.tgz#faf51b9eb74aaef3b3acf4ad5f61abf24cb7b93e"

streamsearch@0.1.2:
  version "0.1.2"
  resolved "http://registry.npm.taobao.org/streamsearch/download/streamsearch-0.1.2.tgz#808b9d0e56fc273d809ba57338e929919a1a9f1a"

string_decoder@~0.10.x:
  version "0.10.31"
  resolved "http://registry.npm.taobao.org/string_decoder/download/string_decoder-0.10.31.tgz#62e203bc41766c6c28c9fc84301dab1c5310fa94"

strip-ansi@^3.0.0:
  version "3.0.1"
  resolved "http://registry.npm.taobao.org/strip-ansi/download/strip-ansi-3.0.1.tgz#6a385fb8853d952d5ff05d0e8aaf94278dc63dcf"
  dependencies:
    ansi-regex "^2.0.0"

strip-bom@^2.0.0:
  version "2.0.0"
  resolved "http://registry.npm.taobao.org/strip-bom/download/strip-bom-2.0.0.tgz#6219a85616520491f35788bdbf1447a99c7e6b0e"
  dependencies:
    is-utf8 "^0.2.0"

strip-json-comments@^2.0.0:
  version "2.0.1"
  resolved "http://registry.npm.taobao.org/strip-json-comments/download/strip-json-comments-2.0.1.tgz#3c531942e908c2697c0ec344858c286c7ca0a60a"

supports-color@^2.0.0:
  version "2.0.0"
  resolved "http://registry.npm.taobao.org/supports-color/download/supports-color-2.0.0.tgz#535d045ce6b6363fa40117084629995e9df324c7"

thenify-all@^1.0.0:
  version "1.6.0"
  resolved "http://registry.npm.taobao.org/thenify-all/download/thenify-all-1.6.0.tgz#1a1918d402d8fc3f98fbf234db0bcc8cc10e9726"
  dependencies:
    thenify ">= 3.1.0 < 4"

"thenify@>= 3.1.0 < 4":
  version "3.2.1"
  resolved "http://registry.npm.taobao.org/thenify/download/thenify-3.2.1.tgz#251fd1c80aff6e5cf57cb179ab1fcb724269bd11"
  dependencies:
    any-promise "^1.0.0"

ts-node@2.1.0:
  version "2.1.0"
  resolved "http://registry.npm.taobao.org/ts-node/download/ts-node-2.1.0.tgz#aa2bf4b2e25c5fb6a7c54701edc3666d3a9db25d"
  dependencies:
    arrify "^1.0.0"
    chalk "^1.1.1"
    diff "^3.1.0"
    make-error "^1.1.1"
    minimist "^1.2.0"
    mkdirp "^0.5.1"
    pinkie "^2.0.4"
    source-map-support "^0.4.0"
    tsconfig "^5.0.2"
    v8flags "^2.0.11"
    xtend "^4.0.0"
    yn "^1.2.0"

tsconfig@^5.0.2:
  version "5.0.3"
  resolved "http://registry.npm.taobao.org/tsconfig/download/tsconfig-5.0.3.tgz#5f4278e701800967a8fc383fd19648878f2a6e3a"
  dependencies:
    any-promise "^1.3.0"
    parse-json "^2.2.0"
    strip-bom "^2.0.0"
    strip-json-comments "^2.0.0"

type-is@^1.5.5:
  version "1.6.14"
  resolved "http://registry.npm.taobao.org/type-is/download/type-is-1.6.14.tgz#e219639c17ded1ca0789092dd54a03826b817cb2"
  dependencies:
    media-typer "0.3.0"
    mime-types "~2.1.13"

typescript@2.2.1:
  version "2.2.1"
  resolved "http://registry.npm.taobao.org/typescript/download/typescript-2.2.1.tgz#4862b662b988a4c8ff691cc7969622d24db76ae9"

user-home@^1.1.1:
  version "1.1.1"
  resolved "http://registry.npm.taobao.org/user-home/download/user-home-1.1.1.tgz#2b5be23a32b63a7c9deb8d0f28d485724a3df190"

v8flags@^2.0.11:
  version "2.0.11"
  resolved "http://registry.npm.taobao.org/v8flags/download/v8flags-2.0.11.tgz#bca8f30f0d6d60612cc2c00641e6962d42ae6881"
  dependencies:
    user-home "^1.1.1"

vary@^1.0.0:
  version "1.1.0"
  resolved "http://registry.npm.taobao.org/vary/download/vary-1.1.0.tgz#e1e5affbbd16ae768dd2674394b9ad3022653140"

xtend@^4.0.0:
  version "4.0.1"
  resolved "http://registry.npm.taobao.org/xtend/download/xtend-4.0.1.tgz#a5c6d532be656e23db820efb943a1f04998d63af"

yn@^1.2.0:
  version "1.2.0"
  resolved "http://registry.npm.taobao.org/yn/download/yn-1.2.0.tgz#d237a4c533f279b2b89d3acac2db4b8c795e4a63"
